
Microsoft Visual Studio Solution File, Format Version 12.00
# Visual Studio 15
VisualStudioVersion = 15.0.27703.2035
MinimumVisualStudioVersion = 10.0.40219.1
Project("{8BC9CEB8-8B4A-11D0-8D11-00A0C91BC942}") = "Lab 4", "Lab 4.vcxproj", "{0C1189BA-5BA6-4FC6-AAE2-90EFD97E3173}"
EndProject
Global
	GlobalSection(SolutionConfigurationPlatforms) = preSolution
		Debug|x64 = Debug|x64
		Debug|x86 = Debug|x86
		Release|x64 = Release|x64
		Release|x86 = Release|x86
	EndGlobalSection
	GlobalSection(ProjectConfigurationPlatforms) = postSolution
		{0C1189BA-5BA6-4FC6-AAE2-90EFD97E3173}.Debug|x64.ActiveCfg = Debug|x64
		{0C1189BA-5BA6-4FC6-AAE2-90EFD97E3173}.Debug|x64.Build.0 = Debug|x64
		{0C1189BA-5BA6-4FC6-AAE2-90EFD97E3173}.Debug|x86.ActiveCfg = Debug|Win32
		{0C1189BA-5BA6-4FC6-AAE2-90EFD97E3173}.Debug|x86.Build.0 = Debug|Win32
		{0C1189BA-5BA6-4FC6-AAE2-90EFD97E3173}.Release|x64.ActiveCfg = Release|x64
		{0C1189BA-5BA6-4FC6-AAE2-90EFD97E3173}.Release|x64.Build.0 = Release|x64
		{0C1189BA-5BA6-4FC6-AAE2-90EFD97E3173}.Release|x86.ActiveCfg = Release|Win32
		{0C1189BA-5BA6-4FC6-AAE2-90EFD97E3173}.Release|x86.Build.0 = Release|Win32
	EndGlobalSection
	GlobalSection(SolutionProperties) = preSolution
		HideSolutionNode = FALSE
	EndGlobalSection
	GlobalSection(ExtensibilityGlobals) = postSolution
		SolutionGuid = {21EF0978-5746-4A11-89F9-4ACDCB78544B}
	EndGlobalSection
EndGlobal
